// !$*UTF8*$!
{
	archiveVersion = 1;
	classes = {
	};
	objectVersion = 50;
	objects = {

/* Begin PBXBuildFile section */
		FCC0FE292540043300673F7E /* AppDelegate.swift in Sources */ = {isa = PBXBuildFile; fileRef = FCC0FE282540043300673F7E /* AppDelegate.swift */; };
		FCC0FE2B2540043300673F7E /* SceneDelegate.swift in Sources */ = {isa = PBXBuildFile; fileRef = FCC0FE2A2540043300673F7E /* SceneDelegate.swift */; };
		FCC0FE2D2540043300673F7E /* ViewController.swift in Sources */ = {isa = PBXBuildFile; fileRef = FCC0FE2C2540043300673F7E /* ViewController.swift */; };
		FCC0FE302540043300673F7E /* Main.storyboard in Resources */ = {isa = PBXBuildFile; fileRef = FCC0FE2E2540043300673F7E /* Main.storyboard */; };
		FCC0FE352540043600673F7E /* LaunchScreen.storyboard in Resources */ = {isa = PBXBuildFile; fileRef = FCC0FE332540043600673F7E /* LaunchScreen.storyboard */; };
		FCC0FE3D25404CA800673F7E /* ResultViewController.swift in Sources */ = {isa = PBXBuildFile; fileRef = FCC0FE3C25404CA800673F7E /* ResultViewController.swift */; };
		FCC0FE6C2541331A00673F7E /* IMG_7718.jpeg in Resources */ = {isa = PBXBuildFile; fileRef = FCC0FE662541331A00673F7E /* IMG_7718.jpeg */; };
		FCC0FE6D2541331A00673F7E /* IMG_7716.jpeg in Resources */ = {isa = PBXBuildFile; fileRef = FCC0FE672541331A00673F7E /* IMG_7716.jpeg */; };
		FCC0FE6E2541331A00673F7E /* IMG_7715.jpeg in Resources */ = {isa = PBXBuildFile; fileRef = FCC0FE682541331A00673F7E /* IMG_7715.jpeg */; };
/* End PBXBuildFile section */

/* Begin PBXFileReference section */
		FCC0FE252540043300673F7E /* SlideshowApp.app */ = {isa = PBXFileReference; explicitFileType = wrapper.application; includeInIndex = 0; path = SlideshowApp.app; sourceTree = BUILT_PRODUCTS_DIR; };
		FCC0FE282540043300673F7E /* AppDelegate.swift */ = {isa = PBXFileReference; lastKnownFileType = sourcecode.swift; path = AppDelegate.swift; sourceTree = "<group>"; };
		FCC0FE2A2540043300673F7E /* SceneDelegate.swift */ = {isa = PBXFileReference; lastKnownFileType = sourcecode.swift; path = SceneDelegate.swift; sourceTree = "<group>"; };
		FCC0FE2C2540043300673F7E /* ViewController.swift */ = {isa = PBXFileReference; lastKnownFileType = sourcecode.swift; path = ViewController.swift; sourceTree = "<group>"; };
		FCC0FE2F2540043300673F7E /* Base */ = {isa = PBXFileReference; lastKnownFileType = file.storyboard; name = Base; path = Base.lproj/Main.storyboard; sourceTree = "<group>"; };
		FCC0FE342540043600673F7E /* Base */ = {isa = PBXFileReference; lastKnownFileType = file.storyboard; name = Base; path = Base.lproj/LaunchScreen.storyboard; sourceTree = "<group>"; };
		FCC0FE362540043600673F7E /* Info.plist */ = {isa = PBXFileReference; lastKnownFileType = text.plist.xml; path = Info.plist; sourceTree = "<group>"; };
		FCC0FE3C25404CA800673F7E /* ResultViewController.swift */ = {isa = PBXFileReference; lastKnownFileType = sourcecode.swift; path = ResultViewController.swift; sourceTree = "<group>"; };
		FCC0FE662541331A00673F7E /* IMG_7718.jpeg */ = {isa = PBXFileReference; lastKnownFileType = image.jpeg; path = IMG_7718.jpeg; sourceTree = "<group>"; };
		FCC0FE672541331A00673F7E /* IMG_7716.jpeg */ = {isa = PBXFileReference; lastKnownFileType = image.jpeg; path = IMG_7716.jpeg; sourceTree = "<group>"; };
		FCC0FE682541331A00673F7E /* IMG_7715.jpeg */ = {isa = PBXFileReference; lastKnownFileType = image.jpeg; path = IMG_7715.jpeg; sourceTree = "<group>"; };
/* End PBXFileReference section */

/* Begin PBXFrameworksBuildPhase section */
		FCC0FE222540043300673F7E /* Frameworks */ = {
			isa = PBXFrameworksBuildPhase;
			buildActionMask = 2147483647;
			files = (
			);
			runOnlyForDeploymentPostprocessing = 0;
		};
/* End PBXFrameworksBuildPhase section */

/* Begin PBXGroup section */
		FCC0FE1C2540043300673F7E = {
			isa = PBXGroup;
			children = (
				FCC0FE272540043300673F7E /* PhotoApp2 */,
				FCC0FE262540043300673F7E /* Products */,
				FCC0FE682541331A00673F7E /* IMG_7715.jpeg */,
				FCC0FE672541331A00673F7E /* IMG_7716.jpeg */,
				FCC0FE662541331A00673F7E /* IMG_7718.jpeg */,
			);
			sourceTree = "<group>";
		};
		FCC0FE262540043300673F7E /* Products */ = {
			isa = PBXGroup;
			children = (
				FCC0FE252540043300673F7E /* SlideshowApp.app */,
			);
			name = Products;
			sourceTree = "<group>";
		};
		FCC0FE272540043300673F7E /* PhotoApp2 */ = {
			isa = PBXGroup;
			children = (
				FCC0FE282540043300673F7E /* AppDelegate.swift */,
				FCC0FE2A2540043300673F7E /* SceneDelegate.swift */,
				FCC0FE2C2540043300673F7E /* ViewController.swift */,
				FCC0FE3C25404CA800673F7E /* ResultViewController.swift */,
				FCC0FE2E2540043300673F7E /* Main.storyboard */,
				FCC0FE332540043600673F7E /* LaunchScreen.storyboard */,
				FCC0FE362540043600673F7E /* Info.plist */,
			);
			path = PhotoApp2;
			sourceTree = "<group>";
		};
/* End PBXGroup section */

/* Begin PBXNativeTarget section */
		FCC0FE242540043300673F7E /* SlideshowApp */ = {
			isa = PBXNativeTarget;
			buildConfigurationList = FCC0FE392540043600673F7E /* Build configuration list for PBXNativeTarget "SlideshowApp" */;
			buildPhases = (
				FCC0FE212540043300673F7E /* Sources */,
				FCC0FE222540043300673F7E /* Frameworks */,
				FCC0FE232540043300673F7E /* Resources */,
			);
			buildRules = (
			);
			dependencies = (
			);
			name = SlideshowApp;
			productName = PhotoApp2;
			productReference = FCC0FE252540043300673F7E /* SlideshowApp.app */;
			productType = "com.apple.product-type.application";
		};
/* End PBXNativeTarget section */

/* Begin PBXProject section */
		FCC0FE1D2540043300673F7E /* Project object */ = {
			isa = PBXProject;
			attributes = {
				LastSwiftUpdateCheck = 1150;
				LastUpgradeCheck = 1150;
				ORGANIZATIONNAME = sonoka.yashiro;
				TargetAttributes = {
					FCC0FE242540043300673F7E = {
						CreatedOnToolsVersion = 11.5;
					};
				};
			};
			buildConfigurationList = FCC0FE202540043300673F7E /* Build configuration list for PBXProject "SlideshowApp" */;
			compatibilityVersion = "Xcode 9.3";
			developmentRegion = en;
			hasScannedForEncodings = 0;
			knownRegions = (
				en,
				Base,
			);
			mainGroup = FCC0FE1C2540043300673F7E;
			productRefGroup = FCC0FE262540043300673F7E /* Products */;
			projectDirPath = "";
			projectRoot = "";
			targets = (
				FCC0FE242540043300673F7E /* SlideshowApp */,
			);
		};
/* End PBXProject section */

/* Begin PBXResourcesBuildPhase section */
		FCC0FE232540043300673F7E /* Resources */ = {
			isa = PBXResourcesBuildPhase;
			buildActionMask = 2147483647;
			files = (
				FCC0FE6C2541331A00673F7E /* IMG_7718.jpeg in Resources */,
				FCC0FE6D2541331A00673F7E /* IMG_7716.jpeg in Resources */,
				FCC0FE352540043600673F7E /* LaunchScreen.storyboard in Resources */,
				FCC0FE302540043300673F7E /* Main.storyboard in Resources */,
				FCC0FE6E2541331A00673F7E /* IMG_7715.jpeg in Resources */,
			);
			runOnlyForDeploymentPostprocessing = 0;
		};
/* End PBXResourcesBuildPhase section */

/* Begin PBXSourcesBuildPhase section */
		FCC0FE212540043300673F7E /* Sources */ = {
			isa = PBXSourcesBuildPhase;
			buildActionMask = 2147483647;
			files = (
				FCC0FE2D2540043300673F7E /* ViewController.swift in Sources */,
				FCC0FE292540043300673F7E /* AppDelegate.swift in Sources */,
				FCC0FE2B2540043300673F7E /* SceneDelegate.swift in Sources */,
				FCC0FE3D25404CA800673F7E /* ResultViewController.swift in Sources */,
			);
			runOnlyForDeploymentPostprocessing = 0;
		};
/* End PBXSourcesBuildPhase section */

/* Begin PBXVariantGroup section */
		FCC0FE2E2540043300673F7E /* Main.storyboard */ = {
			isa = PBXVariantGroup;
			children = (
				FCC0FE2F2540043300673F7E /* Base */,
			);
			name = Main.storyboard;
			sourceTree = "<group>";
		};
		FCC0FE332540043600673F7E /* LaunchScreen.storyboard */ = {
			isa = PBXVariantGroup;
			children = (
				FCC0FE342540043600673F7E /* Base */,
			);
			name = LaunchScreen.storyboard;
			sourceTree = "<group>";
		};
/* End PBXVariantGroup section */

/* Begin XCBuildConfiguration section */
		FCC0FE372540043600673F7E /* Debug */ = {
			isa = XCBuildConfiguration;
			buildSettings = {
				ALWAYS_SEARCH_USER_PATHS = NO;
				CLANG_ANALYZER_NONNULL = YES;
				CLANG_ANALYZER_NUMBER_OBJECT_CONVERSION = YES_AGGRESSIVE;
				CLANG_CXX_LANGUAGE_STANDARD = "gnu++14";
				CLANG_CXX_LIBRARY = "libc++";
				CLANG_ENABLE_MODULES = YES;
				CLANG_ENABLE_OBJC_ARC = YES;
				CLANG_ENABLE_OBJC_WEAK = YES;
				CLANG_WARN_BLOCK_CAPTURE_AUTORELEASING = YES;
				CLANG_WARN_BOOL_CONVERSION = YES;
				CLANG_WARN_COMMA = YES;
				CLANG_WARN_CONSTANT_CONVERSION = YES;
				CLANG_WARN_DEPRECATED_OBJC_IMPLEMENTATIONS = YES;
				CLANG_WARN_DIRECT_OBJC_ISA_USAGE = YES_ERROR;
				CLANG_WARN_DOCUMENTATION_COMMENTS = YES;
				CLANG_WARN_EMPTY_BODY = YES;
				CLANG_WARN_ENUM_CONVERSION = YES;
				CLANG_WARN_INFINITE_RECURSION = YES;
				CLANG_WARN_INT_CONVERSION = YES;
				CLANG_WARN_NON_LITERAL_NULL_CONVERSION = YES;
				CLANG_WARN_OBJC_IMPLICIT_RETAIN_SELF = YES;
				CLANG_WARN_OBJC_LITERAL_CONVERSION = YES;
				CLANG_WARN_OBJC_ROOT_CLASS = YES_ERROR;
				CLANG_WARN_RANGE_LOOP_ANALYSIS = YES;
				CLANG_WARN_STRICT_PROTOTYPES = YES;
				CLANG_WARN_SUSPICIOUS_MOVE = YES;
				CLANG_WARN_UNGUARDED_AVAILABILITY = YES_AGGRESSIVE;
				CLANG_WARN_UNREACHABLE_CODE = YES;
				CLANG_WARN__DUPLICATE_METHOD_MATCH = YES;
				COPY_PHASE_STRIP = NO;
				DEBUG_INFORMATION_FORMAT = dwarf;
				ENABLE_STRICT_OBJC_MSGSEND = YES;
				ENABLE_TESTABILITY = YES;
				GCC_C_LANGUAGE_STANDARD = gnu11;
				GCC_DYNAMIC_NO_PIC = NO;
				GCC_NO_COMMON_BLOCKS = YES;
				GCC_OPTIMIZATION_LEVEL = 0;
				GCC_PREPROCESSOR_DEFINITIONS = (
					"DEBUG=1",
					"$(inherited)",
				);
				GCC_WARN_64_TO_32_BIT_CONVERSION = YES;
				GCC_WARN_ABOUT_RETURN_TYPE = YES_ERROR;
				GCC_WARN_UNDECLARED_SELECTOR = YES;
				GCC_WARN_UNINITIALIZED_AUTOS = YES_AGGRESSIVE;
				GCC_WARN_UNUSED_FUNCTION = YES;
				GCC_WARN_UNUSED_VARIABLE = YES;
				IPHONEOS_DEPLOYMENT_TARGET = 13.5;
				MTL_ENABLE_DEBUG_INFO = INCLUDE_SOURCE;
				MTL_FAST_MATH = YES;
				ONLY_ACTIVE_ARCH = YES;
				SDKROOT = iphoneos;
				SWIFT_ACTIVE_COMPILATION_CONDITIONS = DEBUG;
				SWIFT_OPTIMIZATION_LEVEL = "-Onone";
			};
			name = Debug;
		};
		FCC0FE382540043600673F7E /* Release */ = {
			isa = XCBuildConfiguration;
			buildSettings = {
				ALWAYS_SEARCH_USER_PATHS = NO;
				CLANG_ANALYZER_NONNULL = YES;
				CLANG_ANALYZER_NUMBER_OBJECT_CONVERSION = YES_AGGRESSIVE;
				CLANG_CXX_LANGUAGE_STANDARD = "gnu++14";
				CLANG_CXX_LIBRARY = "libc++";
				CLANG_ENABLE_MODULES = YES;
				CLANG_ENABLE_OBJC_ARC = YES;
				CLANG_ENABLE_OBJC_WEAK = YES;
				CLANG_WARN_BLOCK_CAPTURE_AUTORELEASING = YES;
				CLANG_WARN_BOOL_CONVERSION = YES;
				CLANG_WARN_COMMA = YES;
				CLANG_WARN_CONSTANT_CONVERSION = YES;
				CLANG_WARN_DEPRECATED_OBJC_IMPLEMENTATIONS = YES;
				CLANG_WARN_DIRECT_OBJC_ISA_USAGE = YES_ERROR;
				CLANG_WARN_DOCUMENTATION_COMMENTS = YES;
				CLANG_WARN_EMPTY_BODY = YES;
				CLANG_WARN_ENUM_CONVERSION = YES;
				CLANG_WARN_INFINITE_RECURSION = YES;
				CLANG_WARN_INT_CONVERSION = YES;
				CLANG_WARN_NON_LITERAL_NULL_CONVERSION = YES;
				CLANG_WARN_OBJC_IMPLICIT_RETAIN_SELF = YES;
				CLANG_WARN_OBJC_LITERAL_CONVERSION = YES;
				CLANG_WARN_OBJC_ROOT_CLASS = YES_ERROR;
				CLANG_WARN_RANGE_LOOP_ANALYSIS = YES;
				CLANG_WARN_STRICT_PROTOTYPES = YES;
				CLANG_WARN_SUSPICIOUS_MOVE = YES;
				CLANG_WARN_UNGUARDED_AVAILABILITY = YES_AGGRESSIVE;
				CLANG_WARN_UNREACHABLE_CODE = YES;
				CLANG_WARN__DUPLICATE_METHOD_MATCH = YES;
				COPY_PHASE_STRIP = NO;
				DEBUG_INFORMATION_FORMAT = "dwarf-with-dsym";
				ENABLE_NS_ASSERTIONS = NO;
				ENABLE_STRICT_OBJC_MSGSEND = YES;
				GCC_C_LANGUAGE_STANDARD = gnu11;
				GCC_NO_COMMON_BLOCKS = YES;
				GCC_WARN_64_TO_32_BIT_CONVERSION = YES;
				GCC_WARN_ABOUT_RETURN_TYPE = YES_ERROR;
				GCC_WARN_UNDECLARED_SELECTOR = YES;
				GCC_WARN_UNINITIALIZED_AUTOS = YES_AGGRESSIVE;
				GCC_WARN_UNUSED_FUNCTION = YES;
				GCC_WARN_UNUSED_VARIABLE = YES;
				IPHONEOS_DEPLOYMENT_TARGET = 13.5;
				MTL_ENABLE_DEBUG_INFO = NO;
				MTL_FAST_MATH = YES;
				SDKROOT = iphoneos;
				SWIFT_COMPILATION_MODE = wholemodule;
				SWIFT_OPTIMIZATION_LEVEL = "-O";
				VALIDATE_PRODUCT = YES;
			};
			name = Release;
		};
		FCC0FE3A2540043600673F7E /* Debug */ = {
			isa = XCBuildConfiguration;
			buildSettings = {
				ASSETCATALOG_COMPILER_APPICON_NAME = AppIcon;
				CODE_SIGN_STYLE = Automatic;
				INFOPLIST_FILE = PhotoApp2/Info.plist;
				LD_RUNPATH_SEARCH_PATHS = (
					"$(inherited)",
					"@executable_path/Frameworks",
				);
				PRODUCT_BUNDLE_IDENTIFIER = jp.tecacademy.sonoka.yashiro.PhotoApp2;
				PRODUCT_NAME = SlideshowApp;
				SWIFT_VERSION = 5.0;
				TARGETED_DEVICE_FAMILY = "1,2";
			};
			name = Debug;
		};
		FCC0FE3B2540043600673F7E /* Release */ = {
			isa = XCBuildConfiguration;
			buildSettings = {
				ASSETCATALOG_COMPILER_APPICON_NAME = AppIcon;
				CODE_SIGN_STYLE = Automatic;
				INFOPLIST_FILE = PhotoApp2/Info.plist;
				LD_RUNPATH_SEARCH_PATHS = (
					"$(inherited)",
					"@executable_path/Frameworks",
				);
				PRODUCT_BUNDLE_IDENTIFIER = jp.tecacademy.sonoka.yashiro.PhotoApp2;
				PRODUCT_NAME = SlideshowApp;
				SWIFT_VERSION = 5.0;
				TARGETED_DEVICE_FAMILY = "1,2";
			};
			name = Release;
		};
/* End XCBuildConfiguration section */

/* Begin XCConfigurationList section */
		FCC0FE202540043300673F7E /* Build configuration list for PBXProject "SlideshowApp" */ = {
			isa = XCConfigurationList;
			buildConfigurations = (
				FCC0FE372540043600673F7E /* Debug */,
				FCC0FE382540043600673F7E /* Release */,
			);
			defaultConfigurationIsVisible = 0;
			defaultConfigurationName = Release;
		};
		FCC0FE392540043600673F7E /* Build configuration list for PBXNativeTarget "SlideshowApp" */ = {
			isa = XCConfigurationList;
			buildConfigurations = (
				FCC0FE3A2540043600673F7E /* Debug */,
				FCC0FE3B2540043600673F7E /* Release */,
			);
			defaultConfigurationIsVisible = 0;
			defaultConfigurationName = Release;
		};
/* End XCConfigurationList section */
	};
	rootObject = FCC0FE1D2540043300673F7E /* Project object */;
}
